// !$*UTF8*$!
{
	archiveVersion = 1;
	classes = {
	};
	objectVersion = 46;
	objects = {

/* Begin PBXBuildFile section */
		111E92FA1A7CE18F00B79CC0 /* TaskCell.swift in Sources */ = {isa = PBXBuildFile; fileRef = 111E92F91A7CE18F00B79CC0 /* TaskCell.swift */; };
		111E92FC1A7CEC9800B79CC0 /* TaskModel.swift in Sources */ = {isa = PBXBuildFile; fileRef = 111E92FB1A7CEC9800B79CC0 /* TaskModel.swift */; };
		111E92FE1A7CEF2300B79CC0 /* TaskDetailViewController.swift in Sources */ = {isa = PBXBuildFile; fileRef = 111E92FD1A7CEF2300B79CC0 /* TaskDetailViewController.swift */; };
		118F278A1A7CFED500693884 /* Date.swift in Sources */ = {isa = PBXBuildFile; fileRef = 118F27891A7CFED500693884 /* Date.swift */; };
		11A4688D1A7F43D300537835 /* AddTaskViewController.swift in Sources */ = {isa = PBXBuildFile; fileRef = 11A4688C1A7F43D200537835 /* AddTaskViewController.swift */; };
		11D8370B1A7CD1AF000C189D /* AppDelegate.swift in Sources */ = {isa = PBXBuildFile; fileRef = 11D8370A1A7CD1AF000C189D /* AppDelegate.swift */; };
		11D8370D1A7CD1AF000C189D /* ViewController.swift in Sources */ = {isa = PBXBuildFile; fileRef = 11D8370C1A7CD1AF000C189D /* ViewController.swift */; };
		11D837101A7CD1AF000C189D /* Main.storyboard in Resources */ = {isa = PBXBuildFile; fileRef = 11D8370E1A7CD1AF000C189D /* Main.storyboard */; };
		11D837121A7CD1AF000C189D /* Images.xcassets in Resources */ = {isa = PBXBuildFile; fileRef = 11D837111A7CD1AF000C189D /* Images.xcassets */; };
		11D837151A7CD1AF000C189D /* LaunchScreen.xib in Resources */ = {isa = PBXBuildFile; fileRef = 11D837131A7CD1AF000C189D /* LaunchScreen.xib */; };
		11D837211A7CD1AF000C189D /* TaskItTests.swift in Sources */ = {isa = PBXBuildFile; fileRef = 11D837201A7CD1AF000C189D /* TaskItTests.swift */; };
/* End PBXBuildFile section */

/* Begin PBXContainerItemProxy section */
		11D8371B1A7CD1AF000C189D /* PBXContainerItemProxy */ = {
			isa = PBXContainerItemProxy;
			containerPortal = 11D836FD1A7CD1AF000C189D /* Project object */;
			proxyType = 1;
			remoteGlobalIDString = 11D837041A7CD1AF000C189D;
			remoteInfo = TaskIt;
		};
/* End PBXContainerItemProxy section */

/* Begin PBXFileReference section */
		111E92F91A7CE18F00B79CC0 /* TaskCell.swift */ = {isa = PBXFileReference; fileEncoding = 4; lastKnownFileType = sourcecode.swift; path = TaskCell.swift; sourceTree = "<group>"; };
		111E92FB1A7CEC9800B79CC0 /* TaskModel.swift */ = {isa = PBXFileReference; fileEncoding = 4; lastKnownFileType = sourcecode.swift; path = TaskModel.swift; sourceTree = "<group>"; };
		111E92FD1A7CEF2300B79CC0 /* TaskDetailViewController.swift */ = {isa = PBXFileReference; fileEncoding = 4; lastKnownFileType = sourcecode.swift; path = TaskDetailViewController.swift; sourceTree = "<group>"; };
		118F27891A7CFED500693884 /* Date.swift */ = {isa = PBXFileReference; fileEncoding = 4; lastKnownFileType = sourcecode.swift; path = Date.swift; sourceTree = "<group>"; };
		11A4688C1A7F43D200537835 /* AddTaskViewController.swift */ = {isa = PBXFileReference; fileEncoding = 4; lastKnownFileType = sourcecode.swift; name = AddTaskViewController.swift; path = ../AddTaskViewController.swift; sourceTree = "<group>"; };
		11D837051A7CD1AF000C189D /* TaskIt.app */ = {isa = PBXFileReference; explicitFileType = wrapper.application; includeInIndex = 0; path = TaskIt.app; sourceTree = BUILT_PRODUCTS_DIR; };
		11D837091A7CD1AF000C189D /* Info.plist */ = {isa = PBXFileReference; lastKnownFileType = text.plist.xml; path = Info.plist; sourceTree = "<group>"; };
		11D8370A1A7CD1AF000C189D /* AppDelegate.swift */ = {isa = PBXFileReference; lastKnownFileType = sourcecode.swift; path = AppDelegate.swift; sourceTree = "<group>"; };
		11D8370C1A7CD1AF000C189D /* ViewController.swift */ = {isa = PBXFileReference; lastKnownFileType = sourcecode.swift; path = ViewController.swift; sourceTree = "<group>"; };
		11D8370F1A7CD1AF000C189D /* Base */ = {isa = PBXFileReference; lastKnownFileType = file.storyboard; name = Base; path = Base.lproj/Main.storyboard; sourceTree = "<group>"; };
		11D837111A7CD1AF000C189D /* Images.xcassets */ = {isa = PBXFileReference; lastKnownFileType = folder.assetcatalog; path = Images.xcassets; sourceTree = "<group>"; };
		11D837141A7CD1AF000C189D /* Base */ = {isa = PBXFileReference; lastKnownFileType = file.xib; name = Base; path = Base.lproj/LaunchScreen.xib; sourceTree = "<group>"; };
		11D8371A1A7CD1AF000C189D /* TaskItTests.xctest */ = {isa = PBXFileReference; explicitFileType = wrapper.cfbundle; includeInIndex = 0; path = TaskItTests.xctest; sourceTree = BUILT_PRODUCTS_DIR; };
		11D8371F1A7CD1AF000C189D /* Info.plist */ = {isa = PBXFileReference; lastKnownFileType = text.plist.xml; path = Info.plist; sourceTree = "<group>"; };
		11D837201A7CD1AF000C189D /* TaskItTests.swift */ = {isa = PBXFileReference; lastKnownFileType = sourcecode.swift; path = TaskItTests.swift; sourceTree = "<group>"; };
/* End PBXFileReference section */

/* Begin PBXFrameworksBuildPhase section */
		11D837021A7CD1AF000C189D /* Frameworks */ = {
			isa = PBXFrameworksBuildPhase;
			buildActionMask = 2147483647;
			files = (
			);
			runOnlyForDeploymentPostprocessing = 0;
		};
		11D837171A7CD1AF000C189D /* Frameworks */ = {
			isa = PBXFrameworksBuildPhase;
			buildActionMask = 2147483647;
			files = (
			);
			runOnlyForDeploymentPostprocessing = 0;
		};
/* End PBXFrameworksBuildPhase section */

/* Begin PBXGroup section */
		11D836FC1A7CD1AF000C189D = {
			isa = PBXGroup;
			children = (
				11D837071A7CD1AF000C189D /* TaskIt */,
				11D8371D1A7CD1AF000C189D /* TaskItTests */,
				11D837061A7CD1AF000C189D /* Products */,
			);
			sourceTree = "<group>";
		};
		11D837061A7CD1AF000C189D /* Products */ = {
			isa = PBXGroup;
			children = (
				11D837051A7CD1AF000C189D /* TaskIt.app */,
				11D8371A1A7CD1AF000C189D /* TaskItTests.xctest */,
			);
			name = Products;
			sourceTree = "<group>";
		};
		11D837071A7CD1AF000C189D /* TaskIt */ = {
			isa = PBXGroup;
			children = (
				11D8370A1A7CD1AF000C189D /* AppDelegate.swift */,
				11D8370C1A7CD1AF000C189D /* ViewController.swift */,
				11A4688C1A7F43D200537835 /* AddTaskViewController.swift */,
				111E92FD1A7CEF2300B79CC0 /* TaskDetailViewController.swift */,
				11D8370E1A7CD1AF000C189D /* Main.storyboard */,
				111E92F91A7CE18F00B79CC0 /* TaskCell.swift */,
				111E92FB1A7CEC9800B79CC0 /* TaskModel.swift */,
				118F27891A7CFED500693884 /* Date.swift */,
				11D837111A7CD1AF000C189D /* Images.xcassets */,
				11D837131A7CD1AF000C189D /* LaunchScreen.xib */,
				11D837081A7CD1AF000C189D /* Supporting Files */,
			);
			path = TaskIt;
			sourceTree = "<group>";
		};
		11D837081A7CD1AF000C189D /* Supporting Files */ = {
			isa = PBXGroup;
			children = (
				11D837091A7CD1AF000C189D /* Info.plist */,
			);
			name = "Supporting Files";
			sourceTree = "<group>";
		};
		11D8371D1A7CD1AF000C189D /* TaskItTests */ = {
			isa = PBXGroup;
			children = (
				11D837201A7CD1AF000C189D /* TaskItTests.swift */,
				11D8371E1A7CD1AF000C189D /* Supporting Files */,
			);
			path = TaskItTests;
			sourceTree = "<group>";
		};
		11D8371E1A7CD1AF000C189D /* Supporting Files */ = {
			isa = PBXGroup;
			children = (
				11D8371F1A7CD1AF000C189D /* Info.plist */,
			);
			name = "Supporting Files";
			sourceTree = "<group>";
		};
/* End PBXGroup section */

/* Begin PBXNativeTarget section */
		11D837041A7CD1AF000C189D /* TaskIt */ = {
			isa = PBXNativeTarget;
			buildConfigurationList = 11D837241A7CD1AF000C189D /* Build configuration list for PBXNativeTarget "TaskIt" */;
			buildPhases = (
				11D837011A7CD1AF000C189D /* Sources */,
				11D837021A7CD1AF000C189D /* Frameworks */,
				11D837031A7CD1AF000C189D /* Resources */,
			);
			buildRules = (
			);
			dependencies = (
			);
			name = TaskIt;
			productName = TaskIt;
			productReference = 11D837051A7CD1AF000C189D /* TaskIt.app */;
			productType = "com.apple.product-type.application";
		};
		11D837191A7CD1AF000C189D /* TaskItTests */ = {
			isa = PBXNativeTarget;
			buildConfigurationList = 11D837271A7CD1AF000C189D /* Build configuration list for PBXNativeTarget "TaskItTests" */;
			buildPhases = (
				11D837161A7CD1AF000C189D /* Sources */,
				11D837171A7CD1AF000C189D /* Frameworks */,
				11D837181A7CD1AF000C189D /* Resources */,
			);
			buildRules = (
			);
			dependencies = (
				11D8371C1A7CD1AF000C189D /* PBXTargetDependency */,
			);
			name = TaskItTests;
			productName = TaskItTests;
			productReference = 11D8371A1A7CD1AF000C189D /* TaskItTests.xctest */;
			productType = "com.apple.product-type.bundle.unit-test";
		};
/* End PBXNativeTarget section */

/* Begin PBXProject section */
		11D836FD1A7CD1AF000C189D /* Project object */ = {
			isa = PBXProject;
			attributes = {
				LastUpgradeCheck = 0610;
				ORGANIZATIONNAME = 1st1k;
				TargetAttributes = {
					11D837041A7CD1AF000C189D = {
						CreatedOnToolsVersion = 6.1.1;
					};
					11D837191A7CD1AF000C189D = {
						CreatedOnToolsVersion = 6.1.1;
						TestTargetID = 11D837041A7CD1AF000C189D;
					};
				};
			};
			buildConfigurationList = 11D837001A7CD1AF000C189D /* Build configuration list for PBXProject "TaskIt" */;
			compatibilityVersion = "Xcode 3.2";
			developmentRegion = English;
			hasScannedForEncodings = 0;
			knownRegions = (
				en,
				Base,
			);
			mainGroup = 11D836FC1A7CD1AF000C189D;
			productRefGroup = 11D837061A7CD1AF000C189D /* Products */;
			projectDirPath = "";
			projectRoot = "";
			targets = (
				11D837041A7CD1AF000C189D /* TaskIt */,
				11D837191A7CD1AF000C189D /* TaskItTests */,
			);
		};
/* End PBXProject section */

/* Begin PBXResourcesBuildPhase section */
		11D837031A7CD1AF000C189D /* Resources */ = {
			isa = PBXResourcesBuildPhase;
			buildActionMask = 2147483647;
			files = (
				11D837101A7CD1AF000C189D /* Main.storyboard in Resources */,
				11D837151A7CD1AF000C189D /* LaunchScreen.xib in Resources */,
				11D837121A7CD1AF000C189D /* Images.xcassets in Resources */,
			);
			runOnlyForDeploymentPostprocessing = 0;
		};
		11D837181A7CD1AF000C189D /* Resources */ = {
			isa = PBXResourcesBuildPhase;
			buildActionMask = 2147483647;
			files = (
			);
			runOnlyForDeploymentPostprocessing = 0;
		};
/* End PBXResourcesBuildPhase section */

/* Begin PBXSourcesBuildPhase section */
		11D837011A7CD1AF000C189D /* Sources */ = {
			isa = PBXSourcesBuildPhase;
			buildActionMask = 2147483647;
			files = (
				11D8370D1A7CD1AF000C189D /* ViewController.swift in Sources */,
				118F278A1A7CFED500693884 /* Date.swift in Sources */,
				111E92FA1A7CE18F00B79CC0 /* TaskCell.swift in Sources */,
				111E92FC1A7CEC9800B79CC0 /* TaskModel.swift in Sources */,
				11D8370B1A7CD1AF000C189D /* AppDelegate.swift in Sources */,
				111E92FE1A7CEF2300B79CC0 /* TaskDetailViewController.swift in Sources */,
				11A4688D1A7F43D300537835 /* AddTaskViewController.swift in Sources */,
			);
			runOnlyForDeploymentPostprocessing = 0;
		};
		11D837161A7CD1AF000C189D /* Sources */ = {
			isa = PBXSourcesBuildPhase;
			buildActionMask = 2147483647;
			files = (
				11D837211A7CD1AF000C189D /* TaskItTests.swift in Sources */,
			);
			runOnlyForDeploymentPostprocessing = 0;
		};
/* End PBXSourcesBuildPhase section */

/* Begin PBXTargetDependency section */
		11D8371C1A7CD1AF000C189D /* PBXTargetDependency */ = {
			isa = PBXTargetDependency;
			target = 11D837041A7CD1AF000C189D /* TaskIt */;
			targetProxy = 11D8371B1A7CD1AF000C189D /* PBXContainerItemProxy */;
		};
/* End PBXTargetDependency section */

/* Begin PBXVariantGroup section */
		11D8370E1A7CD1AF000C189D /* Main.storyboard */ = {
			isa = PBXVariantGroup;
			children = (
				11D8370F1A7CD1AF000C189D /* Base */,
			);
			name = Main.storyboard;
			sourceTree = "<group>";
		};
		11D837131A7CD1AF000C189D /* LaunchScreen.xib */ = {
			isa = PBXVariantGroup;
			children = (
				11D837141A7CD1AF000C189D /* Base */,
			);
			name = LaunchScreen.xib;
			sourceTree = "<group>";
		};
/* End PBXVariantGroup section */

/* Begin XCBuildConfiguration section */
		11D837221A7CD1AF000C189D /* Debug */ = {
			isa = XCBuildConfiguration;
			buildSettings = {
				ALWAYS_SEARCH_USER_PATHS = NO;
				CLANG_CXX_LANGUAGE_STANDARD = "gnu++0x";
				CLANG_CXX_LIBRARY = "libc++";
				CLANG_ENABLE_MODULES = YES;
				CLANG_ENABLE_OBJC_ARC = YES;
				CLANG_WARN_BOOL_CONVERSION = YES;
				CLANG_WARN_CONSTANT_CONVERSION = YES;
				CLANG_WARN_DIRECT_OBJC_ISA_USAGE = YES_ERROR;
				CLANG_WARN_EMPTY_BODY = YES;
				CLANG_WARN_ENUM_CONVERSION = YES;
				CLANG_WARN_INT_CONVERSION = YES;
				CLANG_WARN_OBJC_ROOT_CLASS = YES_ERROR;
				CLANG_WARN_UNREACHABLE_CODE = YES;
				CLANG_WARN__DUPLICATE_METHOD_MATCH = YES;
				"CODE_SIGN_IDENTITY[sdk=iphoneos*]" = "iPhone Developer";
				COPY_PHASE_STRIP = NO;
				ENABLE_STRICT_OBJC_MSGSEND = YES;
				GCC_C_LANGUAGE_STANDARD = gnu99;
				GCC_DYNAMIC_NO_PIC = NO;
				GCC_OPTIMIZATION_LEVEL = 0;
				GCC_PREPROCESSOR_DEFINITIONS = (
					"DEBUG=1",
					"$(inherited)",
				);
				GCC_SYMBOLS_PRIVATE_EXTERN = NO;
				GCC_WARN_64_TO_32_BIT_CONVERSION = YES;
				GCC_WARN_ABOUT_RETURN_TYPE = YES_ERROR;
				GCC_WARN_UNDECLARED_SELECTOR = YES;
				GCC_WARN_UNINITIALIZED_AUTOS = YES_AGGRESSIVE;
				GCC_WARN_UNUSED_FUNCTION = YES;
				GCC_WARN_UNUSED_VARIABLE = YES;
				IPHONEOS_DEPLOYMENT_TARGET = 8.1;
				MTL_ENABLE_DEBUG_INFO = YES;
				ONLY_ACTIVE_ARCH = YES;
				SDKROOT = iphoneos;
				SWIFT_OPTIMIZATION_LEVEL = "-Onone";
				TARGETED_DEVICE_FAMILY = "1,2";
			};
			name = Debug;
		};
		11D837231A7CD1AF000C189D /* Release */ = {
			isa = XCBuildConfiguration;
			buildSettings = {
				ALWAYS_SEARCH_USER_PATHS = NO;
				CLANG_CXX_LANGUAGE_STANDARD = "gnu++0x";
				CLANG_CXX_LIBRARY = "libc++";
				CLANG_ENABLE_MODULES = YES;
				CLANG_ENABLE_OBJC_ARC = YES;
				CLANG_WARN_BOOL_CONVERSION = YES;
				CLANG_WARN_CONSTANT_CONVERSION = YES;
				CLANG_WARN_DIRECT_OBJC_ISA_USAGE = YES_ERROR;
				CLANG_WARN_EMPTY_BODY = YES;
				CLANG_WARN_ENUM_CONVERSION = YES;
				CLANG_WARN_INT_CONVERSION = YES;
				CLANG_WARN_OBJC_ROOT_CLASS = YES_ERROR;
				CLANG_WARN_UNREACHABLE_CODE = YES;
				CLANG_WARN__DUPLICATE_METHOD_MATCH = YES;
				"CODE_SIGN_IDENTITY[sdk=iphoneos*]" = "iPhone Developer";
				COPY_PHASE_STRIP = YES;
				ENABLE_NS_ASSERTIONS = NO;
				ENABLE_STRICT_OBJC_MSGSEND = YES;
				GCC_C_LANGUAGE_STANDARD = gnu99;
				GCC_WARN_64_TO_32_BIT_CONVERSION = YES;
				GCC_WARN_ABOUT_RETURN_TYPE = YES_ERROR;
				GCC_WARN_UNDECLARED_SELECTOR = YES;
				GCC_WARN_UNINITIALIZED_AUTOS = YES_AGGRESSIVE;
				GCC_WARN_UNUSED_FUNCTION = YES;
				GCC_WARN_UNUSED_VARIABLE = YES;
				IPHONEOS_DEPLOYMENT_TARGET = 8.1;
				MTL_ENABLE_DEBUG_INFO = NO;
				SDKROOT = iphoneos;
				TARGETED_DEVICE_FAMILY = "1,2";
				VALIDATE_PRODUCT = YES;
			};
			name = Release;
		};
		11D837251A7CD1AF000C189D /* Debug */ = {
			isa = XCBuildConfiguration;
			buildSettings = {
				ASSETCATALOG_COMPILER_APPICON_NAME = AppIcon;
				INFOPLIST_FILE = TaskIt/Info.plist;
				LD_RUNPATH_SEARCH_PATHS = "$(inherited) @executable_path/Frameworks";
				PRODUCT_NAME = "$(TARGET_NAME)";
			};
			name = Debug;
		};
		11D837261A7CD1AF000C189D /* Release */ = {
			isa = XCBuildConfiguration;
			buildSettings = {
				ASSETCATALOG_COMPILER_APPICON_NAME = AppIcon;
				INFOPLIST_FILE = TaskIt/Info.plist;
				LD_RUNPATH_SEARCH_PATHS = "$(inherited) @executable_path/Frameworks";
				PRODUCT_NAME = "$(TARGET_NAME)";
			};
			name = Release;
		};
		11D837281A7CD1AF000C189D /* Debug */ = {
			isa = XCBuildConfiguration;
			buildSettings = {
				BUNDLE_LOADER = "$(TEST_HOST)";
				FRAMEWORK_SEARCH_PATHS = (
					"$(SDKROOT)/Developer/Library/Frameworks",
					"$(inherited)",
				);
				GCC_PREPROCESSOR_DEFINITIONS = (
					"DEBUG=1",
					"$(inherited)",
				);
				INFOPLIST_FILE = TaskItTests/Info.plist;
				LD_RUNPATH_SEARCH_PATHS = "$(inherited) @executable_path/Frameworks @loader_path/Frameworks";
				PRODUCT_NAME = "$(TARGET_NAME)";
				TEST_HOST = "$(BUILT_PRODUCTS_DIR)/TaskIt.app/TaskIt";
			};
			name = Debug;
		};
		11D837291A7CD1AF000C189D /* Release */ = {
			isa = XCBuildConfiguration;
			buildSettings = {
				BUNDLE_LOADER = "$(TEST_HOST)";
				FRAMEWORK_SEARCH_PATHS = (
					"$(SDKROOT)/Developer/Library/Frameworks",
					"$(inherited)",
				);
				INFOPLIST_FILE = TaskItTests/Info.plist;
				LD_RUNPATH_SEARCH_PATHS = "$(inherited) @executable_path/Frameworks @loader_path/Frameworks";
				PRODUCT_NAME = "$(TARGET_NAME)";
				TEST_HOST = "$(BUILT_PRODUCTS_DIR)/TaskIt.app/TaskIt";
			};
			name = Release;
		};
/* End XCBuildConfiguration section */

/* Begin XCConfigurationList section */
		11D837001A7CD1AF000C189D /* Build configuration list for PBXProject "TaskIt" */ = {
			isa = XCConfigurationList;
			buildConfigurations = (
				11D837221A7CD1AF000C189D /* Debug */,
				11D837231A7CD1AF000C189D /* Release */,
			);
			defaultConfigurationIsVisible = 0;
			defaultConfigurationName = Release;
		};
		11D837241A7CD1AF000C189D /* Build configuration list for PBXNativeTarget "TaskIt" */ = {
			isa = XCConfigurationList;
			buildConfigurations = (
				11D837251A7CD1AF000C189D /* Debug */,
				11D837261A7CD1AF000C189D /* Release */,
			);
			defaultConfigurationIsVisible = 0;
			defaultConfigurationName = Release;
		};
		11D837271A7CD1AF000C189D /* Build configuration list for PBXNativeTarget "TaskItTests" */ = {
			isa = XCConfigurationList;
			buildConfigurations = (
				11D837281A7CD1AF000C189D /* Debug */,
				11D837291A7CD1AF000C189D /* Release */,
			);
			defaultConfigurationIsVisible = 0;
			defaultConfigurationName = Release;
		};
/* End XCConfigurationList section */
	};
	rootObject = 11D836FD1A7CD1AF000C189D /* Project object */;
}
